// !$*UTF8*$!
{
	archiveVersion = 1;
	classes = {
	};
	objectVersion = 51;
	objects = {

/* Begin PBXBuildFile section */
		6B842FE326B165A100770DA7 /* DetailViewController.swift in Sources */ = {isa = PBXBuildFile; fileRef = 6B842FE226B165A100770DA7 /* DetailViewController.swift */; };
		6BA56B5426B000AC005CA10E /* AppDelegate.swift in Sources */ = {isa = PBXBuildFile; fileRef = 6BA56B5326B000AC005CA10E /* AppDelegate.swift */; };
		6BA56B5626B000AC005CA10E /* SceneDelegate.swift in Sources */ = {isa = PBXBuildFile; fileRef = 6BA56B5526B000AC005CA10E /* SceneDelegate.swift */; };
		6BA56B5826B000AC005CA10E /* ViewController.swift in Sources */ = {isa = PBXBuildFile; fileRef = 6BA56B5726B000AC005CA10E /* ViewController.swift */; };
		6BA56B5B26B000AC005CA10E /* Main.storyboard in Resources */ = {isa = PBXBuildFile; fileRef = 6BA56B5926B000AC005CA10E /* Main.storyboard */; };
		6BA56B5D26B000AE005CA10E /* Assets.xcassets in Resources */ = {isa = PBXBuildFile; fileRef = 6BA56B5C26B000AE005CA10E /* Assets.xcassets */; };
		6BA56B6026B000AE005CA10E /* LaunchScreen.storyboard in Resources */ = {isa = PBXBuildFile; fileRef = 6BA56B5E26B000AE005CA10E /* LaunchScreen.storyboard */; };
		F2F0A37C5304764ED0226CF2 /* Pods_PRapp.framework in Frameworks */ = {isa = PBXBuildFile; fileRef = 0A6A3A2CC4C1DF2C0816CA5C /* Pods_PRapp.framework */; };
/* End PBXBuildFile section */

/* Begin PBXFileReference section */
		0A6A3A2CC4C1DF2C0816CA5C /* Pods_PRapp.framework */ = {isa = PBXFileReference; explicitFileType = wrapper.framework; includeInIndex = 0; path = Pods_PRapp.framework; sourceTree = BUILT_PRODUCTS_DIR; };
		34FDD4995302A41021139FA2 /* Pods-PRapp.release.xcconfig */ = {isa = PBXFileReference; includeInIndex = 1; lastKnownFileType = text.xcconfig; name = "Pods-PRapp.release.xcconfig"; path = "Target Support Files/Pods-PRapp/Pods-PRapp.release.xcconfig"; sourceTree = "<group>"; };
		44EB579D509E908D04223194 /* Pods-PRapp.debug.xcconfig */ = {isa = PBXFileReference; includeInIndex = 1; lastKnownFileType = text.xcconfig; name = "Pods-PRapp.debug.xcconfig"; path = "Target Support Files/Pods-PRapp/Pods-PRapp.debug.xcconfig"; sourceTree = "<group>"; };
		6B842FE226B165A100770DA7 /* DetailViewController.swift */ = {isa = PBXFileReference; lastKnownFileType = sourcecode.swift; path = DetailViewController.swift; sourceTree = "<group>"; };
		6BA56B5026B000AC005CA10E /* PRapp.app */ = {isa = PBXFileReference; explicitFileType = wrapper.application; includeInIndex = 0; path = PRapp.app; sourceTree = BUILT_PRODUCTS_DIR; };
		6BA56B5326B000AC005CA10E /* AppDelegate.swift */ = {isa = PBXFileReference; lastKnownFileType = sourcecode.swift; path = AppDelegate.swift; sourceTree = "<group>"; };
		6BA56B5526B000AC005CA10E /* SceneDelegate.swift */ = {isa = PBXFileReference; lastKnownFileType = sourcecode.swift; path = SceneDelegate.swift; sourceTree = "<group>"; };
		6BA56B5726B000AC005CA10E /* ViewController.swift */ = {isa = PBXFileReference; lastKnownFileType = sourcecode.swift; path = ViewController.swift; sourceTree = "<group>"; };
		6BA56B5A26B000AC005CA10E /* Base */ = {isa = PBXFileReference; lastKnownFileType = file.storyboard; name = Base; path = Base.lproj/Main.storyboard; sourceTree = "<group>"; };
		6BA56B5C26B000AE005CA10E /* Assets.xcassets */ = {isa = PBXFileReference; lastKnownFileType = folder.assetcatalog; path = Assets.xcassets; sourceTree = "<group>"; };
		6BA56B5F26B000AE005CA10E /* Base */ = {isa = PBXFileReference; lastKnownFileType = file.storyboard; name = Base; path = Base.lproj/LaunchScreen.storyboard; sourceTree = "<group>"; };
		6BA56B6126B000AE005CA10E /* Info.plist */ = {isa = PBXFileReference; lastKnownFileType = text.plist.xml; path = Info.plist; sourceTree = "<group>"; };
/* End PBXFileReference section */

/* Begin PBXFrameworksBuildPhase section */
		6BA56B4D26B000AC005CA10E /* Frameworks */ = {
			isa = PBXFrameworksBuildPhase;
			buildActionMask = 2147483647;
			files = (
				F2F0A37C5304764ED0226CF2 /* Pods_PRapp.framework in Frameworks */,
			);
			runOnlyForDeploymentPostprocessing = 0;
		};
/* End PBXFrameworksBuildPhase section */

/* Begin PBXGroup section */
		20D5702760FE95DEEA6E0903 /* Frameworks */ = {
			isa = PBXGroup;
			children = (
				0A6A3A2CC4C1DF2C0816CA5C /* Pods_PRapp.framework */,
			);
			name = Frameworks;
			sourceTree = "<group>";
		};
		3A0D0E7B0917899D9811D8AE /* Pods */ = {
			isa = PBXGroup;
			children = (
				44EB579D509E908D04223194 /* Pods-PRapp.debug.xcconfig */,
				34FDD4995302A41021139FA2 /* Pods-PRapp.release.xcconfig */,
			);
			path = Pods;
			sourceTree = "<group>";
		};
		6BA56B4726B000AC005CA10E = {
			isa = PBXGroup;
			children = (
				6BA56B5226B000AC005CA10E /* PRapp */,
				6BA56B5126B000AC005CA10E /* Products */,
				3A0D0E7B0917899D9811D8AE /* Pods */,
				20D5702760FE95DEEA6E0903 /* Frameworks */,
			);
			sourceTree = "<group>";
		};
		6BA56B5126B000AC005CA10E /* Products */ = {
			isa = PBXGroup;
			children = (
				6BA56B5026B000AC005CA10E /* PRapp.app */,
			);
			name = Products;
			sourceTree = "<group>";
		};
		6BA56B5226B000AC005CA10E /* PRapp */ = {
			isa = PBXGroup;
			children = (
				6BA56B5326B000AC005CA10E /* AppDelegate.swift */,
				6BA56B5526B000AC005CA10E /* SceneDelegate.swift */,
				6BA56B5726B000AC005CA10E /* ViewController.swift */,
				6BA56B5926B000AC005CA10E /* Main.storyboard */,
				6BA56B5C26B000AE005CA10E /* Assets.xcassets */,
				6BA56B5E26B000AE005CA10E /* LaunchScreen.storyboard */,
				6BA56B6126B000AE005CA10E /* Info.plist */,
				6B842FE226B165A100770DA7 /* DetailViewController.swift */,
			);
			path = PRapp;
			sourceTree = "<group>";
		};
/* End PBXGroup section */

/* Begin PBXNativeTarget section */
		6BA56B4F26B000AC005CA10E /* PRapp */ = {
			isa = PBXNativeTarget;
			buildConfigurationList = 6BA56B6426B000AE005CA10E /* Build configuration list for PBXNativeTarget "PRapp" */;
			buildPhases = (
				ACDBFBA2A55A457EC7077FC0 /* [CP] Check Pods Manifest.lock */,
				6BA56B4C26B000AC005CA10E /* Sources */,
				6BA56B4D26B000AC005CA10E /* Frameworks */,
				6BA56B4E26B000AC005CA10E /* Resources */,
				C07BAB5AB32E41EF648F8521 /* [CP] Embed Pods Frameworks */,
			);
			buildRules = (
			);
			dependencies = (
			);
			name = PRapp;
			productName = PRapp;
			productReference = 6BA56B5026B000AC005CA10E /* PRapp.app */;
			productType = "com.apple.product-type.application";
		};
/* End PBXNativeTarget section */

/* Begin PBXProject section */
		6BA56B4826B000AC005CA10E /* Project object */ = {
			isa = PBXProject;
			attributes = {
				LastSwiftUpdateCheck = 1250;
				LastUpgradeCheck = 1250;
				TargetAttributes = {
					6BA56B4F26B000AC005CA10E = {
						CreatedOnToolsVersion = 12.5;
					};
				};
			};
			buildConfigurationList = 6BA56B4B26B000AC005CA10E /* Build configuration list for PBXProject "PRapp" */;
			compatibilityVersion = "Xcode 9.3";
			developmentRegion = en;
			hasScannedForEncodings = 0;
			knownRegions = (
				en,
				Base,
			);
			mainGroup = 6BA56B4726B000AC005CA10E;
			productRefGroup = 6BA56B5126B000AC005CA10E /* Products */;
			projectDirPath = "";
			projectRoot = "";
			targets = (
				6BA56B4F26B000AC005CA10E /* PRapp */,
			);
		};
/* End PBXProject section */

/* Begin PBXResourcesBuildPhase section */
		6BA56B4E26B000AC005CA10E /* Resources */ = {
			isa = PBXResourcesBuildPhase;
			buildActionMask = 2147483647;
			files = (
				6BA56B6026B000AE005CA10E /* LaunchScreen.storyboard in Resources */,
				6BA56B5D26B000AE005CA10E /* Assets.xcassets in Resources */,
				6BA56B5B26B000AC005CA10E /* Main.storyboard in Resources */,
			);
			runOnlyForDeploymentPostprocessing = 0;
		};
/* End PBXResourcesBuildPhase section */

/* Begin PBXShellScriptBuildPhase section */
		ACDBFBA2A55A457EC7077FC0 /* [CP] Check Pods Manifest.lock */ = {
			isa = PBXShellScriptBuildPhase;
			buildActionMask = 2147483647;
			files = (
			);
			inputFileListPaths = (
			);
			inputPaths = (
				"${PODS_PODFILE_DIR_PATH}/Podfile.lock",
				"${PODS_ROOT}/Manifest.lock",
			);
			name = "[CP] Check Pods Manifest.lock";
			outputFileListPaths = (
			);
			outputPaths = (
				"$(DERIVED_FILE_DIR)/Pods-PRapp-checkManifestLockResult.txt",
			);
			runOnlyForDeploymentPostprocessing = 0;
			shellPath = /bin/sh;
			shellScript = "diff \"${PODS_PODFILE_DIR_PATH}/Podfile.lock\" \"${PODS_ROOT}/Manifest.lock\" > /dev/null\nif [ $? != 0 ] ; then\n    # print error to STDERR\n    echo \"error: The sandbox is not in sync with the Podfile.lock. Run 'pod install' or update your CocoaPods installation.\" >&2\n    exit 1\nfi\n# This output is used by Xcode 'outputs' to avoid re-running this script phase.\necho \"SUCCESS\" > \"${SCRIPT_OUTPUT_FILE_0}\"\n";
			showEnvVarsInLog = 0;
		};
		C07BAB5AB32E41EF648F8521 /* [CP] Embed Pods Frameworks */ = {
			isa = PBXShellScriptBuildPhase;
			buildActionMask = 2147483647;
			files = (
			);
			inputFileListPaths = (
				"${PODS_ROOT}/Target Support Files/Pods-PRapp/Pods-PRapp-frameworks-${CONFIGURATION}-input-files.xcfilelist",
			);
			name = "[CP] Embed Pods Frameworks";
			outputFileListPaths = (
				"${PODS_ROOT}/Target Support Files/Pods-PRapp/Pods-PRapp-frameworks-${CONFIGURATION}-output-files.xcfilelist",
			);
			runOnlyForDeploymentPostprocessing = 0;
			shellPath = /bin/sh;
			shellScript = "\"${PODS_ROOT}/Target Support Files/Pods-PRapp/Pods-PRapp-frameworks.sh\"\n";
			showEnvVarsInLog = 0;
		};
/* End PBXShellScriptBuildPhase section */

/* Begin PBXSourcesBuildPhase section */
		6BA56B4C26B000AC005CA10E /* Sources */ = {
			isa = PBXSourcesBuildPhase;
			buildActionMask = 2147483647;
			files = (
				6BA56B5826B000AC005CA10E /* ViewController.swift in Sources */,
				6BA56B5426B000AC005CA10E /* AppDelegate.swift in Sources */,
				6BA56B5626B000AC005CA10E /* SceneDelegate.swift in Sources */,
				6B842FE326B165A100770DA7 /* DetailViewController.swift in Sources */,
			);
			runOnlyForDeploymentPostprocessing = 0;
		};
/* End PBXSourcesBuildPhase section */

/* Begin PBXVariantGroup section */
		6BA56B5926B000AC005CA10E /* Main.storyboard */ = {
			isa = PBXVariantGroup;
			children = (
				6BA56B5A26B000AC005CA10E /* Base */,
			);
			name = Main.storyboard;
			sourceTree = "<group>";
		};
		6BA56B5E26B000AE005CA10E /* LaunchScreen.storyboard */ = {
			isa = PBXVariantGroup;
			children = (
				6BA56B5F26B000AE005CA10E /* Base */,
			);
			name = LaunchScreen.storyboard;
			sourceTree = "<group>";
		};
/* End PBXVariantGroup section */

/* Begin XCBuildConfiguration section */
		6BA56B6226B000AE005CA10E /* Debug */ = {
			isa = XCBuildConfiguration;
			buildSettings = {
				ALWAYS_SEARCH_USER_PATHS = NO;
				CLANG_ANALYZER_NONNULL = YES;
				CLANG_ANALYZER_NUMBER_OBJECT_CONVERSION = YES_AGGRESSIVE;
				CLANG_CXX_LANGUAGE_STANDARD = "gnu++14";
				CLANG_CXX_LIBRARY = "libc++";
				CLANG_ENABLE_MODULES = YES;
				CLANG_ENABLE_OBJC_ARC = YES;
				CLANG_ENABLE_OBJC_WEAK = YES;
				CLANG_WARN_BLOCK_CAPTURE_AUTORELEASING = YES;
				CLANG_WARN_BOOL_CONVERSION = YES;
				CLANG_WARN_COMMA = YES;
				CLANG_WARN_CONSTANT_CONVERSION = YES;
				CLANG_WARN_DEPRECATED_OBJC_IMPLEMENTATIONS = YES;
				CLANG_WARN_DIRECT_OBJC_ISA_USAGE = YES_ERROR;
				CLANG_WARN_DOCUMENTATION_COMMENTS = YES;
				CLANG_WARN_EMPTY_BODY = YES;
				CLANG_WARN_ENUM_CONVERSION = YES;
				CLANG_WARN_INFINITE_RECURSION = YES;
				CLANG_WARN_INT_CONVERSION = YES;
				CLANG_WARN_NON_LITERAL_NULL_CONVERSION = YES;
				CLANG_WARN_OBJC_IMPLICIT_RETAIN_SELF = YES;
				CLANG_WARN_OBJC_LITERAL_CONVERSION = YES;
				CLANG_WARN_OBJC_ROOT_CLASS = YES_ERROR;
				CLANG_WARN_QUOTED_INCLUDE_IN_FRAMEWORK_HEADER = YES;
				CLANG_WARN_RANGE_LOOP_ANALYSIS = YES;
				CLANG_WARN_STRICT_PROTOTYPES = YES;
				CLANG_WARN_SUSPICIOUS_MOVE = YES;
				CLANG_WARN_UNGUARDED_AVAILABILITY = YES_AGGRESSIVE;
				CLANG_WARN_UNREACHABLE_CODE = YES;
				CLANG_WARN__DUPLICATE_METHOD_MATCH = YES;
				COPY_PHASE_STRIP = NO;
				DEBUG_INFORMATION_FORMAT = dwarf;
				ENABLE_STRICT_OBJC_MSGSEND = YES;
				ENABLE_TESTABILITY = YES;
				GCC_C_LANGUAGE_STANDARD = gnu11;
				GCC_DYNAMIC_NO_PIC = NO;
				GCC_NO_COMMON_BLOCKS = YES;
				GCC_OPTIMIZATION_LEVEL = 0;
				GCC_PREPROCESSOR_DEFINITIONS = (
					"DEBUG=1",
					"$(inherited)",
				);
				GCC_WARN_64_TO_32_BIT_CONVERSION = YES;
				GCC_WARN_ABOUT_RETURN_TYPE = YES_ERROR;
				GCC_WARN_UNDECLARED_SELECTOR = YES;
				GCC_WARN_UNINITIALIZED_AUTOS = YES_AGGRESSIVE;
				GCC_WARN_UNUSED_FUNCTION = YES;
				GCC_WARN_UNUSED_VARIABLE = YES;
				IPHONEOS_DEPLOYMENT_TARGET = 14.5;
				MTL_ENABLE_DEBUG_INFO = INCLUDE_SOURCE;
				MTL_FAST_MATH = YES;
				ONLY_ACTIVE_ARCH = YES;
				SDKROOT = iphoneos;
				SWIFT_ACTIVE_COMPILATION_CONDITIONS = DEBUG;
				SWIFT_OPTIMIZATION_LEVEL = "-Onone";
			};
			name = Debug;
		};
		6BA56B6326B000AE005CA10E /* Release */ = {
			isa = XCBuildConfiguration;
			buildSettings = {
				ALWAYS_SEARCH_USER_PATHS = NO;
				CLANG_ANALYZER_NONNULL = YES;
				CLANG_ANALYZER_NUMBER_OBJECT_CONVERSION = YES_AGGRESSIVE;
				CLANG_CXX_LANGUAGE_STANDARD = "gnu++14";
				CLANG_CXX_LIBRARY = "libc++";
				CLANG_ENABLE_MODULES = YES;
				CLANG_ENABLE_OBJC_ARC = YES;
				CLANG_ENABLE_OBJC_WEAK = YES;
				CLANG_WARN_BLOCK_CAPTURE_AUTORELEASING = YES;
				CLANG_WARN_BOOL_CONVERSION = YES;
				CLANG_WARN_COMMA = YES;
				CLANG_WARN_CONSTANT_CONVERSION = YES;
				CLANG_WARN_DEPRECATED_OBJC_IMPLEMENTATIONS = YES;
				CLANG_WARN_DIRECT_OBJC_ISA_USAGE = YES_ERROR;
				CLANG_WARN_DOCUMENTATION_COMMENTS = YES;
				CLANG_WARN_EMPTY_BODY = YES;
				CLANG_WARN_ENUM_CONVERSION = YES;
				CLANG_WARN_INFINITE_RECURSION = YES;
				CLANG_WARN_INT_CONVERSION = YES;
				CLANG_WARN_NON_LITERAL_NULL_CONVERSION = YES;
				CLANG_WARN_OBJC_IMPLICIT_RETAIN_SELF = YES;
				CLANG_WARN_OBJC_LITERAL_CONVERSION = YES;
				CLANG_WARN_OBJC_ROOT_CLASS = YES_ERROR;
				CLANG_WARN_QUOTED_INCLUDE_IN_FRAMEWORK_HEADER = YES;
				CLANG_WARN_RANGE_LOOP_ANALYSIS = YES;
				CLANG_WARN_STRICT_PROTOTYPES = YES;
				CLANG_WARN_SUSPICIOUS_MOVE = YES;
				CLANG_WARN_UNGUARDED_AVAILABILITY = YES_AGGRESSIVE;
				CLANG_WARN_UNREACHABLE_CODE = YES;
				CLANG_WARN__DUPLICATE_METHOD_MATCH = YES;
				COPY_PHASE_STRIP = NO;
				DEBUG_INFORMATION_FORMAT = "dwarf-with-dsym";
				ENABLE_NS_ASSERTIONS = NO;
				ENABLE_STRICT_OBJC_MSGSEND = YES;
				GCC_C_LANGUAGE_STANDARD = gnu11;
				GCC_NO_COMMON_BLOCKS = YES;
				GCC_WARN_64_TO_32_BIT_CONVERSION = YES;
				GCC_WARN_ABOUT_RETURN_TYPE = YES_ERROR;
				GCC_WARN_UNDECLARED_SELECTOR = YES;
				GCC_WARN_UNINITIALIZED_AUTOS = YES_AGGRESSIVE;
				GCC_WARN_UNUSED_FUNCTION = YES;
				GCC_WARN_UNUSED_VARIABLE = YES;
				IPHONEOS_DEPLOYMENT_TARGET = 14.5;
				MTL_ENABLE_DEBUG_INFO = NO;
				MTL_FAST_MATH = YES;
				SDKROOT = iphoneos;
				SWIFT_COMPILATION_MODE = wholemodule;
				SWIFT_OPTIMIZATION_LEVEL = "-O";
				VALIDATE_PRODUCT = YES;
			};
			name = Release;
		};
		6BA56B6526B000AE005CA10E /* Debug */ = {
			isa = XCBuildConfiguration;
			baseConfigurationReference = 44EB579D509E908D04223194 /* Pods-PRapp.debug.xcconfig */;
			buildSettings = {
				ASSETCATALOG_COMPILER_APPICON_NAME = AppIcon;
				ASSETCATALOG_COMPILER_GLOBAL_ACCENT_COLOR_NAME = AccentColor;
				CODE_SIGN_STYLE = Automatic;
				DEVELOPMENT_TEAM = AU2898WNZG;
				INFOPLIST_FILE = PRapp/Info.plist;
				LD_RUNPATH_SEARCH_PATHS = (
					"$(inherited)",
					"@executable_path/Frameworks",
				);
				PRODUCT_BUNDLE_IDENTIFIER = com.quy.PRapp;
				PRODUCT_NAME = "$(TARGET_NAME)";
				SWIFT_VERSION = 5.0;
				TARGETED_DEVICE_FAMILY = "1,2";
			};
			name = Debug;
		};
		6BA56B6626B000AE005CA10E /* Release */ = {
			isa = XCBuildConfiguration;
			baseConfigurationReference = 34FDD4995302A41021139FA2 /* Pods-PRapp.release.xcconfig */;
			buildSettings = {
				ASSETCATALOG_COMPILER_APPICON_NAME = AppIcon;
				ASSETCATALOG_COMPILER_GLOBAL_ACCENT_COLOR_NAME = AccentColor;
				CODE_SIGN_STYLE = Automatic;
				DEVELOPMENT_TEAM = AU2898WNZG;
				INFOPLIST_FILE = PRapp/Info.plist;
				LD_RUNPATH_SEARCH_PATHS = (
					"$(inherited)",
					"@executable_path/Frameworks",
				);
				PRODUCT_BUNDLE_IDENTIFIER = com.quy.PRapp;
				PRODUCT_NAME = "$(TARGET_NAME)";
				SWIFT_VERSION = 5.0;
				TARGETED_DEVICE_FAMILY = "1,2";
			};
			name = Release;
		};
/* End XCBuildConfiguration section */

/* Begin XCConfigurationList section */
		6BA56B4B26B000AC005CA10E /* Build configuration list for PBXProject "PRapp" */ = {
			isa = XCConfigurationList;
			buildConfigurations = (
				6BA56B6226B000AE005CA10E /* Debug */,
				6BA56B6326B000AE005CA10E /* Release */,
			);
			defaultConfigurationIsVisible = 0;
			defaultConfigurationName = Release;
		};
		6BA56B6426B000AE005CA10E /* Build configuration list for PBXNativeTarget "PRapp" */ = {
			isa = XCConfigurationList;
			buildConfigurations = (
				6BA56B6526B000AE005CA10E /* Debug */,
				6BA56B6626B000AE005CA10E /* Release */,
			);
			defaultConfigurationIsVisible = 0;
			defaultConfigurationName = Release;
		};
/* End XCConfigurationList section */
	};
	rootObject = 6BA56B4826B000AC005CA10E /* Project object */;
}
